
Microsoft Visual Studio Solution File, Format Version 12.00
# Visual Studio Version 16
VisualStudioVersion = 16.0.29230.47
MinimumVisualStudioVersion = 10.0.40219.1
Project("{FAE04EC0-301F-11D3-BF4B-00C04F79EFBC}") = "WindowsFormsApp1", "WindowsFormsApp1\WindowsFormsApp1.csproj", "{C6567E2C-DB61-4372-B5F3-745E5A4BCAEA}"
EndProject
Global
	GlobalSection(SolutionConfigurationPlatforms) = preSolution
		Debug|Any CPU = Debug|Any CPU
		Release|Any CPU = Release|Any CPU
	EndGlobalSection
	GlobalSection(ProjectConfigurationPlatforms) = postSolution
		{C6567E2C-DB61-4372-B5F3-745E5A4BCAEA}.Debug|Any CPU.ActiveCfg = Debug|Any CPU
		{C6567E2C-DB61-4372-B5F3-745E5A4BCAEA}.Debug|Any CPU.Build.0 = Debug|Any CPU
		{C6567E2C-DB61-4372-B5F3-745E5A4BCAEA}.Release|Any CPU.ActiveCfg = Release|Any CPU
		{C6567E2C-DB61-4372-B5F3-745E5A4BCAEA}.Release|Any CPU.Build.0 = Release|Any CPU
	EndGlobalSection
	GlobalSection(SolutionProperties) = preSolution
		HideSolutionNode = FALSE
	EndGlobalSection
	GlobalSection(ExtensibilityGlobals) = postSolution
		SolutionGuid = {F7F01595-5E1C-4CD2-B967-340F8FC49E1C}
	EndGlobalSection
EndGlobal
